
Microsoft Visual Studio Solution File, Format Version 12.00
# Visual Studio 15
VisualStudioVersion = 15.0.28307.572
MinimumVisualStudioVersion = 10.0.40219.1
Project("{FAE04EC0-301F-11D3-BF4B-00C04F79EFBC}") = "Examen", "Examen\Examen.csproj", "{7C1EDE14-E27D-4F24-8429-63C3DBFBAAE2}"
EndProject
Project("{FAE04EC0-301F-11D3-BF4B-00C04F79EFBC}") = "ExamenTests", "ExamenTests\ExamenTests.csproj", "{BEC645AF-F52D-4AD6-A48F-58CC26702C57}"
EndProject
Global
	GlobalSection(SolutionConfigurationPlatforms) = preSolution
		Debug|Any CPU = Debug|Any CPU
		Release|Any CPU = Release|Any CPU
	EndGlobalSection
	GlobalSection(ProjectConfigurationPlatforms) = postSolution
		{7C1EDE14-E27D-4F24-8429-63C3DBFBAAE2}.Debug|Any CPU.ActiveCfg = Debug|Any CPU
		{7C1EDE14-E27D-4F24-8429-63C3DBFBAAE2}.Debug|Any CPU.Build.0 = Debug|Any CPU
		{7C1EDE14-E27D-4F24-8429-63C3DBFBAAE2}.Release|Any CPU.ActiveCfg = Release|Any CPU
		{7C1EDE14-E27D-4F24-8429-63C3DBFBAAE2}.Release|Any CPU.Build.0 = Release|Any CPU
		{BEC645AF-F52D-4AD6-A48F-58CC26702C57}.Debug|Any CPU.ActiveCfg = Debug|Any CPU
		{BEC645AF-F52D-4AD6-A48F-58CC26702C57}.Debug|Any CPU.Build.0 = Debug|Any CPU
		{BEC645AF-F52D-4AD6-A48F-58CC26702C57}.Release|Any CPU.ActiveCfg = Release|Any CPU
		{BEC645AF-F52D-4AD6-A48F-58CC26702C57}.Release|Any CPU.Build.0 = Release|Any CPU
	EndGlobalSection
	GlobalSection(SolutionProperties) = preSolution
		HideSolutionNode = FALSE
	EndGlobalSection
	GlobalSection(ExtensibilityGlobals) = postSolution
		SolutionGuid = {F41BFC13-51F4-4AC8-AECA-BD4F5E336FE2}
	EndGlobalSection
EndGlobal
